// !$*UTF8*$!
{
	archiveVersion = 1;
	classes = {
	};
	objectVersion = 50;
	objects = {

/* Begin PBXBuildFile section */
		2772635420C45EFA00DE2A63 /* Network.swift in Sources */ = {isa = PBXBuildFile; fileRef = 2772635320C45EFA00DE2A63 /* Network.swift */; };
		2784DA6720C45CAD002ACBF3 /* AppDelegate.swift in Sources */ = {isa = PBXBuildFile; fileRef = 2784DA6620C45CAD002ACBF3 /* AppDelegate.swift */; };
		2784DA6C20C45CAD002ACBF3 /* Main.storyboard in Resources */ = {isa = PBXBuildFile; fileRef = 2784DA6A20C45CAD002ACBF3 /* Main.storyboard */; };
		2784DA6E20C45CAE002ACBF3 /* Assets.xcassets in Resources */ = {isa = PBXBuildFile; fileRef = 2784DA6D20C45CAE002ACBF3 /* Assets.xcassets */; };
		2784DA7120C45CAE002ACBF3 /* LaunchScreen.storyboard in Resources */ = {isa = PBXBuildFile; fileRef = 2784DA6F20C45CAE002ACBF3 /* LaunchScreen.storyboard */; };
		5625148AA4718DE083D688F9 /* Pods_TheMovieTask.framework in Frameworks */ = {isa = PBXBuildFile; fileRef = 4A30D1ACC01F2C25E5ABBB86 /* Pods_TheMovieTask.framework */; };
/* End PBXBuildFile section */

/* Begin PBXFileReference section */
		2772635320C45EFA00DE2A63 /* Network.swift */ = {isa = PBXFileReference; lastKnownFileType = sourcecode.swift; path = Network.swift; sourceTree = "<group>"; };
		2784DA6320C45CAD002ACBF3 /* TheMovieTask.app */ = {isa = PBXFileReference; explicitFileType = wrapper.application; includeInIndex = 0; path = TheMovieTask.app; sourceTree = BUILT_PRODUCTS_DIR; };
		2784DA6620C45CAD002ACBF3 /* AppDelegate.swift */ = {isa = PBXFileReference; lastKnownFileType = sourcecode.swift; path = AppDelegate.swift; sourceTree = "<group>"; };
		2784DA6B20C45CAD002ACBF3 /* Base */ = {isa = PBXFileReference; lastKnownFileType = file.storyboard; name = Base; path = Base.lproj/Main.storyboard; sourceTree = "<group>"; };
		2784DA6D20C45CAE002ACBF3 /* Assets.xcassets */ = {isa = PBXFileReference; lastKnownFileType = folder.assetcatalog; path = Assets.xcassets; sourceTree = "<group>"; };
		2784DA7020C45CAE002ACBF3 /* Base */ = {isa = PBXFileReference; lastKnownFileType = file.storyboard; name = Base; path = Base.lproj/LaunchScreen.storyboard; sourceTree = "<group>"; };
		2784DA7220C45CAE002ACBF3 /* Info.plist */ = {isa = PBXFileReference; lastKnownFileType = text.plist.xml; path = Info.plist; sourceTree = "<group>"; };
		4A30D1ACC01F2C25E5ABBB86 /* Pods_TheMovieTask.framework */ = {isa = PBXFileReference; explicitFileType = wrapper.framework; includeInIndex = 0; path = Pods_TheMovieTask.framework; sourceTree = BUILT_PRODUCTS_DIR; };
		6DCE996B0E7D94A8930F2386 /* Pods-TheMovieTask.release.xcconfig */ = {isa = PBXFileReference; includeInIndex = 1; lastKnownFileType = text.xcconfig; name = "Pods-TheMovieTask.release.xcconfig"; path = "Pods/Target Support Files/Pods-TheMovieTask/Pods-TheMovieTask.release.xcconfig"; sourceTree = "<group>"; };
		CC34BED29B8B29BCEC89208F /* Pods-TheMovieTask.debug.xcconfig */ = {isa = PBXFileReference; includeInIndex = 1; lastKnownFileType = text.xcconfig; name = "Pods-TheMovieTask.debug.xcconfig"; path = "Pods/Target Support Files/Pods-TheMovieTask/Pods-TheMovieTask.debug.xcconfig"; sourceTree = "<group>"; };
/* End PBXFileReference section */

/* Begin PBXFrameworksBuildPhase section */
		2784DA6020C45CAC002ACBF3 /* Frameworks */ = {
			isa = PBXFrameworksBuildPhase;
			buildActionMask = 2147483647;
			files = (
				5625148AA4718DE083D688F9 /* Pods_TheMovieTask.framework in Frameworks */,
			);
			runOnlyForDeploymentPostprocessing = 0;
		};
/* End PBXFrameworksBuildPhase section */

/* Begin PBXGroup section */
		2772635020C45EE700DE2A63 /* Contracts */ = {
			isa = PBXGroup;
			children = (
			);
			path = Contracts;
			sourceTree = "<group>";
		};
		2772635120C45EEE00DE2A63 /* Extensions */ = {
			isa = PBXGroup;
			children = (
			);
			path = Extensions;
			sourceTree = "<group>";
		};
		2772635220C45EF200DE2A63 /* Model */ = {
			isa = PBXGroup;
			children = (
			);
			path = Model;
			sourceTree = "<group>";
		};
		2784DA5A20C45CAC002ACBF3 = {
			isa = PBXGroup;
			children = (
				2784DA6520C45CAD002ACBF3 /* TheMovieTask */,
				2784DA6420C45CAD002ACBF3 /* Products */,
				6F041E767D37EA36781E73CE /* Pods */,
				4549B3ECA950F2F743DB3930 /* Frameworks */,
			);
			sourceTree = "<group>";
		};
		2784DA6420C45CAD002ACBF3 /* Products */ = {
			isa = PBXGroup;
			children = (
				2784DA6320C45CAD002ACBF3 /* TheMovieTask.app */,
			);
			name = Products;
			sourceTree = "<group>";
		};
		2784DA6520C45CAD002ACBF3 /* TheMovieTask */ = {
			isa = PBXGroup;
			children = (
				2784DA6620C45CAD002ACBF3 /* AppDelegate.swift */,
				27B75BF620C45D3F00221D9F /* Designables */,
				27B75BF520C45D3900221D9F /* Search Movies */,
				27B75BF420C45D3200221D9F /* Extensions */,
				27B75BF320C45D2900221D9F /* Persistence */,
				27B75BF220C45D2300221D9F /* Networking */,
				27B75BF120C45D1C00221D9F /* Storyboards */,
				27B75BF020C45D0E00221D9F /* Supporting Files */,
			);
			path = TheMovieTask;
			sourceTree = "<group>";
		};
		27B75BF020C45D0E00221D9F /* Supporting Files */ = {
			isa = PBXGroup;
			children = (
				2784DA7220C45CAE002ACBF3 /* Info.plist */,
				2784DA6D20C45CAE002ACBF3 /* Assets.xcassets */,
			);
			path = "Supporting Files";
			sourceTree = "<group>";
		};
		27B75BF120C45D1C00221D9F /* Storyboards */ = {
			isa = PBXGroup;
			children = (
				2784DA6A20C45CAD002ACBF3 /* Main.storyboard */,
				2784DA6F20C45CAE002ACBF3 /* LaunchScreen.storyboard */,
			);
			path = Storyboards;
			sourceTree = "<group>";
		};
		27B75BF220C45D2300221D9F /* Networking */ = {
			isa = PBXGroup;
			children = (
				2772635220C45EF200DE2A63 /* Model */,
				2772635120C45EEE00DE2A63 /* Extensions */,
				2772635020C45EE700DE2A63 /* Contracts */,
				2772635320C45EFA00DE2A63 /* Network.swift */,
			);
			path = Networking;
			sourceTree = "<group>";
		};
		27B75BF320C45D2900221D9F /* Persistence */ = {
			isa = PBXGroup;
			children = (
			);
			path = Persistence;
			sourceTree = "<group>";
		};
		27B75BF420C45D3200221D9F /* Extensions */ = {
			isa = PBXGroup;
			children = (
			);
			path = Extensions;
			sourceTree = "<group>";
		};
		27B75BF520C45D3900221D9F /* Search Movies */ = {
			isa = PBXGroup;
			children = (
			);
			path = "Search Movies";
			sourceTree = "<group>";
		};
		27B75BF620C45D3F00221D9F /* Designables */ = {
			isa = PBXGroup;
			children = (
			);
			path = Designables;
			sourceTree = "<group>";
		};
		4549B3ECA950F2F743DB3930 /* Frameworks */ = {
			isa = PBXGroup;
			children = (
				4A30D1ACC01F2C25E5ABBB86 /* Pods_TheMovieTask.framework */,
			);
			name = Frameworks;
			sourceTree = "<group>";
		};
		6F041E767D37EA36781E73CE /* Pods */ = {
			isa = PBXGroup;
			children = (
				CC34BED29B8B29BCEC89208F /* Pods-TheMovieTask.debug.xcconfig */,
				6DCE996B0E7D94A8930F2386 /* Pods-TheMovieTask.release.xcconfig */,
			);
			name = Pods;
			sourceTree = "<group>";
		};
/* End PBXGroup section */

/* Begin PBXNativeTarget section */
		2784DA6220C45CAC002ACBF3 /* TheMovieTask */ = {
			isa = PBXNativeTarget;
			buildConfigurationList = 2784DA7520C45CAE002ACBF3 /* Build configuration list for PBXNativeTarget "TheMovieTask" */;
			buildPhases = (
				737E588D6663DAC6772D06B4 /* [CP] Check Pods Manifest.lock */,
				2784DA5F20C45CAC002ACBF3 /* Sources */,
				2784DA6020C45CAC002ACBF3 /* Frameworks */,
				2784DA6120C45CAC002ACBF3 /* Resources */,
				C625B00A233DFFED625758EB /* [CP] Embed Pods Frameworks */,
			);
			buildRules = (
			);
			dependencies = (
			);
			name = TheMovieTask;
			productName = TheMovieTask;
			productReference = 2784DA6320C45CAD002ACBF3 /* TheMovieTask.app */;
			productType = "com.apple.product-type.application";
		};
/* End PBXNativeTarget section */

/* Begin PBXProject section */
		2784DA5B20C45CAC002ACBF3 /* Project object */ = {
			isa = PBXProject;
			attributes = {
				LastSwiftUpdateCheck = 0940;
				LastUpgradeCheck = 0940;
				ORGANIZATIONNAME = "Muhammad Raza";
				TargetAttributes = {
					2784DA6220C45CAC002ACBF3 = {
						CreatedOnToolsVersion = 9.4;
					};
				};
			};
			buildConfigurationList = 2784DA5E20C45CAC002ACBF3 /* Build configuration list for PBXProject "TheMovieTask" */;
			compatibilityVersion = "Xcode 9.3";
			developmentRegion = en;
			hasScannedForEncodings = 0;
			knownRegions = (
				en,
				Base,
			);
			mainGroup = 2784DA5A20C45CAC002ACBF3;
			productRefGroup = 2784DA6420C45CAD002ACBF3 /* Products */;
			projectDirPath = "";
			projectRoot = "";
			targets = (
				2784DA6220C45CAC002ACBF3 /* TheMovieTask */,
			);
		};
/* End PBXProject section */

/* Begin PBXResourcesBuildPhase section */
		2784DA6120C45CAC002ACBF3 /* Resources */ = {
			isa = PBXResourcesBuildPhase;
			buildActionMask = 2147483647;
			files = (
				2784DA7120C45CAE002ACBF3 /* LaunchScreen.storyboard in Resources */,
				2784DA6E20C45CAE002ACBF3 /* Assets.xcassets in Resources */,
				2784DA6C20C45CAD002ACBF3 /* Main.storyboard in Resources */,
			);
			runOnlyForDeploymentPostprocessing = 0;
		};
/* End PBXResourcesBuildPhase section */

/* Begin PBXShellScriptBuildPhase section */
		737E588D6663DAC6772D06B4 /* [CP] Check Pods Manifest.lock */ = {
			isa = PBXShellScriptBuildPhase;
			buildActionMask = 2147483647;
			files = (
			);
			inputPaths = (
				"${PODS_PODFILE_DIR_PATH}/Podfile.lock",
				"${PODS_ROOT}/Manifest.lock",
			);
			name = "[CP] Check Pods Manifest.lock";
			outputPaths = (
				"$(DERIVED_FILE_DIR)/Pods-TheMovieTask-checkManifestLockResult.txt",
			);
			runOnlyForDeploymentPostprocessing = 0;
			shellPath = /bin/sh;
			shellScript = "diff \"${PODS_PODFILE_DIR_PATH}/Podfile.lock\" \"${PODS_ROOT}/Manifest.lock\" > /dev/null\nif [ $? != 0 ] ; then\n    # print error to STDERR\n    echo \"error: The sandbox is not in sync with the Podfile.lock. Run 'pod install' or update your CocoaPods installation.\" >&2\n    exit 1\nfi\n# This output is used by Xcode 'outputs' to avoid re-running this script phase.\necho \"SUCCESS\" > \"${SCRIPT_OUTPUT_FILE_0}\"\n";
			showEnvVarsInLog = 0;
		};
		C625B00A233DFFED625758EB /* [CP] Embed Pods Frameworks */ = {
			isa = PBXShellScriptBuildPhase;
			buildActionMask = 2147483647;
			files = (
			);
			inputPaths = (
				"${SRCROOT}/Pods/Target Support Files/Pods-TheMovieTask/Pods-TheMovieTask-frameworks.sh",
				"${BUILT_PRODUCTS_DIR}/Alamofire/Alamofire.framework",
				"${BUILT_PRODUCTS_DIR}/Kingfisher/Kingfisher.framework",
			);
			name = "[CP] Embed Pods Frameworks";
			outputPaths = (
				"${TARGET_BUILD_DIR}/${FRAMEWORKS_FOLDER_PATH}/Alamofire.framework",
				"${TARGET_BUILD_DIR}/${FRAMEWORKS_FOLDER_PATH}/Kingfisher.framework",
			);
			runOnlyForDeploymentPostprocessing = 0;
			shellPath = /bin/sh;
			shellScript = "\"${SRCROOT}/Pods/Target Support Files/Pods-TheMovieTask/Pods-TheMovieTask-frameworks.sh\"\n";
			showEnvVarsInLog = 0;
		};
/* End PBXShellScriptBuildPhase section */

/* Begin PBXSourcesBuildPhase section */
		2784DA5F20C45CAC002ACBF3 /* Sources */ = {
			isa = PBXSourcesBuildPhase;
			buildActionMask = 2147483647;
			files = (
				2772635420C45EFA00DE2A63 /* Network.swift in Sources */,
				2784DA6720C45CAD002ACBF3 /* AppDelegate.swift in Sources */,
			);
			runOnlyForDeploymentPostprocessing = 0;
		};
/* End PBXSourcesBuildPhase section */

/* Begin PBXVariantGroup section */
		2784DA6A20C45CAD002ACBF3 /* Main.storyboard */ = {
			isa = PBXVariantGroup;
			children = (
				2784DA6B20C45CAD002ACBF3 /* Base */,
			);
			name = Main.storyboard;
			sourceTree = "<group>";
		};
		2784DA6F20C45CAE002ACBF3 /* LaunchScreen.storyboard */ = {
			isa = PBXVariantGroup;
			children = (
				2784DA7020C45CAE002ACBF3 /* Base */,
			);
			name = LaunchScreen.storyboard;
			sourceTree = "<group>";
		};
/* End PBXVariantGroup section */

/* Begin XCBuildConfiguration section */
		2784DA7320C45CAE002ACBF3 /* Debug */ = {
			isa = XCBuildConfiguration;
			buildSettings = {
				ALWAYS_SEARCH_USER_PATHS = NO;
				CLANG_ANALYZER_NONNULL = YES;
				CLANG_ANALYZER_NUMBER_OBJECT_CONVERSION = YES_AGGRESSIVE;
				CLANG_CXX_LANGUAGE_STANDARD = "gnu++14";
				CLANG_CXX_LIBRARY = "libc++";
				CLANG_ENABLE_MODULES = YES;
				CLANG_ENABLE_OBJC_ARC = YES;
				CLANG_ENABLE_OBJC_WEAK = YES;
				CLANG_WARN_BLOCK_CAPTURE_AUTORELEASING = YES;
				CLANG_WARN_BOOL_CONVERSION = YES;
				CLANG_WARN_COMMA = YES;
				CLANG_WARN_CONSTANT_CONVERSION = YES;
				CLANG_WARN_DEPRECATED_OBJC_IMPLEMENTATIONS = YES;
				CLANG_WARN_DIRECT_OBJC_ISA_USAGE = YES_ERROR;
				CLANG_WARN_DOCUMENTATION_COMMENTS = YES;
				CLANG_WARN_EMPTY_BODY = YES;
				CLANG_WARN_ENUM_CONVERSION = YES;
				CLANG_WARN_INFINITE_RECURSION = YES;
				CLANG_WARN_INT_CONVERSION = YES;
				CLANG_WARN_NON_LITERAL_NULL_CONVERSION = YES;
				CLANG_WARN_OBJC_IMPLICIT_RETAIN_SELF = YES;
				CLANG_WARN_OBJC_LITERAL_CONVERSION = YES;
				CLANG_WARN_OBJC_ROOT_CLASS = YES_ERROR;
				CLANG_WARN_RANGE_LOOP_ANALYSIS = YES;
				CLANG_WARN_STRICT_PROTOTYPES = YES;
				CLANG_WARN_SUSPICIOUS_MOVE = YES;
				CLANG_WARN_UNGUARDED_AVAILABILITY = YES_AGGRESSIVE;
				CLANG_WARN_UNREACHABLE_CODE = YES;
				CLANG_WARN__DUPLICATE_METHOD_MATCH = YES;
				CODE_SIGN_IDENTITY = "iPhone Developer";
				COPY_PHASE_STRIP = NO;
				DEBUG_INFORMATION_FORMAT = dwarf;
				ENABLE_STRICT_OBJC_MSGSEND = YES;
				ENABLE_TESTABILITY = YES;
				GCC_C_LANGUAGE_STANDARD = gnu11;
				GCC_DYNAMIC_NO_PIC = NO;
				GCC_NO_COMMON_BLOCKS = YES;
				GCC_OPTIMIZATION_LEVEL = 0;
				GCC_PREPROCESSOR_DEFINITIONS = (
					"DEBUG=1",
					"$(inherited)",
				);
				GCC_WARN_64_TO_32_BIT_CONVERSION = YES;
				GCC_WARN_ABOUT_RETURN_TYPE = YES_ERROR;
				GCC_WARN_UNDECLARED_SELECTOR = YES;
				GCC_WARN_UNINITIALIZED_AUTOS = YES_AGGRESSIVE;
				GCC_WARN_UNUSED_FUNCTION = YES;
				GCC_WARN_UNUSED_VARIABLE = YES;
				IPHONEOS_DEPLOYMENT_TARGET = 11.4;
				MTL_ENABLE_DEBUG_INFO = YES;
				ONLY_ACTIVE_ARCH = YES;
				SDKROOT = iphoneos;
				SWIFT_ACTIVE_COMPILATION_CONDITIONS = DEBUG;
				SWIFT_OPTIMIZATION_LEVEL = "-Onone";
			};
			name = Debug;
		};
		2784DA7420C45CAE002ACBF3 /* Release */ = {
			isa = XCBuildConfiguration;
			buildSettings = {
				ALWAYS_SEARCH_USER_PATHS = NO;
				CLANG_ANALYZER_NONNULL = YES;
				CLANG_ANALYZER_NUMBER_OBJECT_CONVERSION = YES_AGGRESSIVE;
				CLANG_CXX_LANGUAGE_STANDARD = "gnu++14";
				CLANG_CXX_LIBRARY = "libc++";
				CLANG_ENABLE_MODULES = YES;
				CLANG_ENABLE_OBJC_ARC = YES;
				CLANG_ENABLE_OBJC_WEAK = YES;
				CLANG_WARN_BLOCK_CAPTURE_AUTORELEASING = YES;
				CLANG_WARN_BOOL_CONVERSION = YES;
				CLANG_WARN_COMMA = YES;
				CLANG_WARN_CONSTANT_CONVERSION = YES;
				CLANG_WARN_DEPRECATED_OBJC_IMPLEMENTATIONS = YES;
				CLANG_WARN_DIRECT_OBJC_ISA_USAGE = YES_ERROR;
				CLANG_WARN_DOCUMENTATION_COMMENTS = YES;
				CLANG_WARN_EMPTY_BODY = YES;
				CLANG_WARN_ENUM_CONVERSION = YES;
				CLANG_WARN_INFINITE_RECURSION = YES;
				CLANG_WARN_INT_CONVERSION = YES;
				CLANG_WARN_NON_LITERAL_NULL_CONVERSION = YES;
				CLANG_WARN_OBJC_IMPLICIT_RETAIN_SELF = YES;
				CLANG_WARN_OBJC_LITERAL_CONVERSION = YES;
				CLANG_WARN_OBJC_ROOT_CLASS = YES_ERROR;
				CLANG_WARN_RANGE_LOOP_ANALYSIS = YES;
				CLANG_WARN_STRICT_PROTOTYPES = YES;
				CLANG_WARN_SUSPICIOUS_MOVE = YES;
				CLANG_WARN_UNGUARDED_AVAILABILITY = YES_AGGRESSIVE;
				CLANG_WARN_UNREACHABLE_CODE = YES;
				CLANG_WARN__DUPLICATE_METHOD_MATCH = YES;
				CODE_SIGN_IDENTITY = "iPhone Developer";
				COPY_PHASE_STRIP = NO;
				DEBUG_INFORMATION_FORMAT = "dwarf-with-dsym";
				ENABLE_NS_ASSERTIONS = NO;
				ENABLE_STRICT_OBJC_MSGSEND = YES;
				GCC_C_LANGUAGE_STANDARD = gnu11;
				GCC_NO_COMMON_BLOCKS = YES;
				GCC_WARN_64_TO_32_BIT_CONVERSION = YES;
				GCC_WARN_ABOUT_RETURN_TYPE = YES_ERROR;
				GCC_WARN_UNDECLARED_SELECTOR = YES;
				GCC_WARN_UNINITIALIZED_AUTOS = YES_AGGRESSIVE;
				GCC_WARN_UNUSED_FUNCTION = YES;
				GCC_WARN_UNUSED_VARIABLE = YES;
				IPHONEOS_DEPLOYMENT_TARGET = 11.4;
				MTL_ENABLE_DEBUG_INFO = NO;
				SDKROOT = iphoneos;
				SWIFT_COMPILATION_MODE = wholemodule;
				SWIFT_OPTIMIZATION_LEVEL = "-O";
				VALIDATE_PRODUCT = YES;
			};
			name = Release;
		};
		2784DA7620C45CAE002ACBF3 /* Debug */ = {
			isa = XCBuildConfiguration;
			baseConfigurationReference = CC34BED29B8B29BCEC89208F /* Pods-TheMovieTask.debug.xcconfig */;
			buildSettings = {
				ASSETCATALOG_COMPILER_APPICON_NAME = AppIcon;
				CODE_SIGN_STYLE = Automatic;
				DEVELOPMENT_TEAM = 2KG486CF78;
				INFOPLIST_FILE = "TheMovieTask/Supporting Files/Info.plist";
				IPHONEOS_DEPLOYMENT_TARGET = 9.0;
				LD_RUNPATH_SEARCH_PATHS = "$(inherited) @executable_path/Frameworks";
				PRODUCT_BUNDLE_IDENTIFIER = com.raza.themovietask;
				PRODUCT_NAME = "$(TARGET_NAME)";
				SWIFT_VERSION = 4.0;
				TARGETED_DEVICE_FAMILY = "1,2";
			};
			name = Debug;
		};
		2784DA7720C45CAE002ACBF3 /* Release */ = {
			isa = XCBuildConfiguration;
			baseConfigurationReference = 6DCE996B0E7D94A8930F2386 /* Pods-TheMovieTask.release.xcconfig */;
			buildSettings = {
				ASSETCATALOG_COMPILER_APPICON_NAME = AppIcon;
				CODE_SIGN_STYLE = Automatic;
				DEVELOPMENT_TEAM = 2KG486CF78;
				INFOPLIST_FILE = "TheMovieTask/Supporting Files/Info.plist";
				IPHONEOS_DEPLOYMENT_TARGET = 9.0;
				LD_RUNPATH_SEARCH_PATHS = "$(inherited) @executable_path/Frameworks";
				PRODUCT_BUNDLE_IDENTIFIER = com.raza.themovietask;
				PRODUCT_NAME = "$(TARGET_NAME)";
				SWIFT_VERSION = 4.0;
				TARGETED_DEVICE_FAMILY = "1,2";
			};
			name = Release;
		};
/* End XCBuildConfiguration section */

/* Begin XCConfigurationList section */
		2784DA5E20C45CAC002ACBF3 /* Build configuration list for PBXProject "TheMovieTask" */ = {
			isa = XCConfigurationList;
			buildConfigurations = (
				2784DA7320C45CAE002ACBF3 /* Debug */,
				2784DA7420C45CAE002ACBF3 /* Release */,
			);
			defaultConfigurationIsVisible = 0;
			defaultConfigurationName = Release;
		};
		2784DA7520C45CAE002ACBF3 /* Build configuration list for PBXNativeTarget "TheMovieTask" */ = {
			isa = XCConfigurationList;
			buildConfigurations = (
				2784DA7620C45CAE002ACBF3 /* Debug */,
				2784DA7720C45CAE002ACBF3 /* Release */,
			);
			defaultConfigurationIsVisible = 0;
			defaultConfigurationName = Release;
		};
/* End XCConfigurationList section */
	};
	rootObject = 2784DA5B20C45CAC002ACBF3 /* Project object */;
}
